
Microsoft Visual Studio Solution File, Format Version 12.00
# Visual Studio Version 16
VisualStudioVersion = 16.0.30907.101
MinimumVisualStudioVersion = 10.0.40219.1
Project("{FAE04EC0-301F-11D3-BF4B-00C04F79EFBC}") = "WpfApp1", "WpfApp1\WpfApp1.csproj", "{67A06CAA-5162-4AB2-9449-48E468FA2204}"
EndProject
Project("{FAE04EC0-301F-11D3-BF4B-00C04F79EFBC}") = "DLL", "DLL\DLL.csproj", "{8933DAF8-26C7-43EA-8826-64B29E50A471}"
EndProject
Global
	GlobalSection(SolutionConfigurationPlatforms) = preSolution
		Debug|Any CPU = Debug|Any CPU
		Release|Any CPU = Release|Any CPU
	EndGlobalSection
	GlobalSection(ProjectConfigurationPlatforms) = postSolution
		{67A06CAA-5162-4AB2-9449-48E468FA2204}.Debug|Any CPU.ActiveCfg = Debug|Any CPU
		{67A06CAA-5162-4AB2-9449-48E468FA2204}.Debug|Any CPU.Build.0 = Debug|Any CPU
		{67A06CAA-5162-4AB2-9449-48E468FA2204}.Release|Any CPU.ActiveCfg = Release|Any CPU
		{67A06CAA-5162-4AB2-9449-48E468FA2204}.Release|Any CPU.Build.0 = Release|Any CPU
		{8933DAF8-26C7-43EA-8826-64B29E50A471}.Debug|Any CPU.ActiveCfg = Debug|Any CPU
		{8933DAF8-26C7-43EA-8826-64B29E50A471}.Debug|Any CPU.Build.0 = Debug|Any CPU
		{8933DAF8-26C7-43EA-8826-64B29E50A471}.Release|Any CPU.ActiveCfg = Release|Any CPU
		{8933DAF8-26C7-43EA-8826-64B29E50A471}.Release|Any CPU.Build.0 = Release|Any CPU
	EndGlobalSection
	GlobalSection(SolutionProperties) = preSolution
		HideSolutionNode = FALSE
	EndGlobalSection
	GlobalSection(ExtensibilityGlobals) = postSolution
		SolutionGuid = {9AA549C7-3C18-4F87-8123-9CB951C6D849}
	EndGlobalSection
EndGlobal
